// !$*UTF8*$!
{
	archiveVersion = 1;
	classes = {
	};
	objectVersion = 50;
	objects = {

/* Begin PBXBuildFile section */
		38AD8260222780A7003D4C38 /* AppDelegate.swift in Sources */ = {isa = PBXBuildFile; fileRef = 38AD825F222780A7003D4C38 /* AppDelegate.swift */; };
		38AD8262222780A7003D4C38 /* HomeViewController.swift in Sources */ = {isa = PBXBuildFile; fileRef = 38AD8261222780A7003D4C38 /* HomeViewController.swift */; };
		38AD8265222780A7003D4C38 /* Main.storyboard in Resources */ = {isa = PBXBuildFile; fileRef = 38AD8263222780A7003D4C38 /* Main.storyboard */; };
		38AD8267222780A8003D4C38 /* Assets.xcassets in Resources */ = {isa = PBXBuildFile; fileRef = 38AD8266222780A8003D4C38 /* Assets.xcassets */; };
		38AD826A222780A8003D4C38 /* LaunchScreen.storyboard in Resources */ = {isa = PBXBuildFile; fileRef = 38AD8268222780A8003D4C38 /* LaunchScreen.storyboard */; };
		38AD827222278244003D4C38 /* PostView.swift in Sources */ = {isa = PBXBuildFile; fileRef = 38AD827122278244003D4C38 /* PostView.swift */; };
		38AD827422278FD4003D4C38 /* ProfileTableViewController.swift in Sources */ = {isa = PBXBuildFile; fileRef = 38AD827322278FD4003D4C38 /* ProfileTableViewController.swift */; };
		38AD827622279046003D4C38 /* Post.swift in Sources */ = {isa = PBXBuildFile; fileRef = 38AD827522279046003D4C38 /* Post.swift */; };
		38AD827822279117003D4C38 /* ProfileTableViewCell.swift in Sources */ = {isa = PBXBuildFile; fileRef = 38AD827722279117003D4C38 /* ProfileTableViewCell.swift */; };
/* End PBXBuildFile section */

/* Begin PBXFileReference section */
		38AD825C222780A7003D4C38 /* PInstagram.app */ = {isa = PBXFileReference; explicitFileType = wrapper.application; includeInIndex = 0; path = PInstagram.app; sourceTree = BUILT_PRODUCTS_DIR; };
		38AD825F222780A7003D4C38 /* AppDelegate.swift */ = {isa = PBXFileReference; lastKnownFileType = sourcecode.swift; path = AppDelegate.swift; sourceTree = "<group>"; };
		38AD8261222780A7003D4C38 /* HomeViewController.swift */ = {isa = PBXFileReference; lastKnownFileType = sourcecode.swift; path = HomeViewController.swift; sourceTree = "<group>"; };
		38AD8264222780A7003D4C38 /* Base */ = {isa = PBXFileReference; lastKnownFileType = file.storyboard; name = Base; path = Base.lproj/Main.storyboard; sourceTree = "<group>"; };
		38AD8266222780A8003D4C38 /* Assets.xcassets */ = {isa = PBXFileReference; lastKnownFileType = folder.assetcatalog; path = Assets.xcassets; sourceTree = "<group>"; };
		38AD8269222780A8003D4C38 /* Base */ = {isa = PBXFileReference; lastKnownFileType = file.storyboard; name = Base; path = Base.lproj/LaunchScreen.storyboard; sourceTree = "<group>"; };
		38AD826B222780A8003D4C38 /* Info.plist */ = {isa = PBXFileReference; lastKnownFileType = text.plist.xml; path = Info.plist; sourceTree = "<group>"; };
		38AD827122278244003D4C38 /* PostView.swift */ = {isa = PBXFileReference; lastKnownFileType = sourcecode.swift; path = PostView.swift; sourceTree = "<group>"; };
		38AD827322278FD4003D4C38 /* ProfileTableViewController.swift */ = {isa = PBXFileReference; lastKnownFileType = sourcecode.swift; path = ProfileTableViewController.swift; sourceTree = "<group>"; };
		38AD827522279046003D4C38 /* Post.swift */ = {isa = PBXFileReference; lastKnownFileType = sourcecode.swift; path = Post.swift; sourceTree = "<group>"; };
		38AD827722279117003D4C38 /* ProfileTableViewCell.swift */ = {isa = PBXFileReference; lastKnownFileType = sourcecode.swift; path = ProfileTableViewCell.swift; sourceTree = "<group>"; };
/* End PBXFileReference section */

/* Begin PBXFrameworksBuildPhase section */
		38AD8259222780A7003D4C38 /* Frameworks */ = {
			isa = PBXFrameworksBuildPhase;
			buildActionMask = 2147483647;
			files = (
			);
			runOnlyForDeploymentPostprocessing = 0;
		};
/* End PBXFrameworksBuildPhase section */

/* Begin PBXGroup section */
		38AD8253222780A7003D4C38 = {
			isa = PBXGroup;
			children = (
				38AD825E222780A7003D4C38 /* PInstagram */,
				38AD825D222780A7003D4C38 /* Products */,
			);
			sourceTree = "<group>";
		};
		38AD825D222780A7003D4C38 /* Products */ = {
			isa = PBXGroup;
			children = (
				38AD825C222780A7003D4C38 /* PInstagram.app */,
			);
			name = Products;
			sourceTree = "<group>";
		};
		38AD825E222780A7003D4C38 /* PInstagram */ = {
			isa = PBXGroup;
			children = (
				38AD825F222780A7003D4C38 /* AppDelegate.swift */,
				38AD827522279046003D4C38 /* Post.swift */,
				38AD827122278244003D4C38 /* PostView.swift */,
				38AD8261222780A7003D4C38 /* HomeViewController.swift */,
				38AD827322278FD4003D4C38 /* ProfileTableViewController.swift */,
				38AD827722279117003D4C38 /* ProfileTableViewCell.swift */,
				38AD8263222780A7003D4C38 /* Main.storyboard */,
				38AD8266222780A8003D4C38 /* Assets.xcassets */,
				38AD8268222780A8003D4C38 /* LaunchScreen.storyboard */,
				38AD826B222780A8003D4C38 /* Info.plist */,
			);
			path = PInstagram;
			sourceTree = "<group>";
		};
/* End PBXGroup section */

/* Begin PBXNativeTarget section */
		38AD825B222780A7003D4C38 /* PInstagram */ = {
			isa = PBXNativeTarget;
			buildConfigurationList = 38AD826E222780A8003D4C38 /* Build configuration list for PBXNativeTarget "PInstagram" */;
			buildPhases = (
				38AD8258222780A7003D4C38 /* Sources */,
				38AD8259222780A7003D4C38 /* Frameworks */,
				38AD825A222780A7003D4C38 /* Resources */,
			);
			buildRules = (
			);
			dependencies = (
			);
			name = PInstagram;
			productName = PInstagram;
			productReference = 38AD825C222780A7003D4C38 /* PInstagram.app */;
			productType = "com.apple.product-type.application";
		};
/* End PBXNativeTarget section */

/* Begin PBXProject section */
		38AD8254222780A7003D4C38 /* Project object */ = {
			isa = PBXProject;
			attributes = {
				LastSwiftUpdateCheck = 1010;
				LastUpgradeCheck = 1010;
				ORGANIZATIONNAME = "Jake Herron";
				TargetAttributes = {
					38AD825B222780A7003D4C38 = {
						CreatedOnToolsVersion = 10.1;
					};
				};
			};
			buildConfigurationList = 38AD8257222780A7003D4C38 /* Build configuration list for PBXProject "PInstagram" */;
			compatibilityVersion = "Xcode 9.3";
			developmentRegion = en;
			hasScannedForEncodings = 0;
			knownRegions = (
				en,
				Base,
			);
			mainGroup = 38AD8253222780A7003D4C38;
			productRefGroup = 38AD825D222780A7003D4C38 /* Products */;
			projectDirPath = "";
			projectRoot = "";
			targets = (
				38AD825B222780A7003D4C38 /* PInstagram */,
			);
		};
/* End PBXProject section */

/* Begin PBXResourcesBuildPhase section */
		38AD825A222780A7003D4C38 /* Resources */ = {
			isa = PBXResourcesBuildPhase;
			buildActionMask = 2147483647;
			files = (
				38AD826A222780A8003D4C38 /* LaunchScreen.storyboard in Resources */,
				38AD8267222780A8003D4C38 /* Assets.xcassets in Resources */,
				38AD8265222780A7003D4C38 /* Main.storyboard in Resources */,
			);
			runOnlyForDeploymentPostprocessing = 0;
		};
/* End PBXResourcesBuildPhase section */

/* Begin PBXSourcesBuildPhase section */
		38AD8258222780A7003D4C38 /* Sources */ = {
			isa = PBXSourcesBuildPhase;
			buildActionMask = 2147483647;
			files = (
				38AD8262222780A7003D4C38 /* HomeViewController.swift in Sources */,
				38AD827222278244003D4C38 /* PostView.swift in Sources */,
				38AD827422278FD4003D4C38 /* ProfileTableViewController.swift in Sources */,
				38AD827822279117003D4C38 /* ProfileTableViewCell.swift in Sources */,
				38AD8260222780A7003D4C38 /* AppDelegate.swift in Sources */,
				38AD827622279046003D4C38 /* Post.swift in Sources */,
			);
			runOnlyForDeploymentPostprocessing = 0;
		};
/* End PBXSourcesBuildPhase section */

/* Begin PBXVariantGroup section */
		38AD8263222780A7003D4C38 /* Main.storyboard */ = {
			isa = PBXVariantGroup;
			children = (
				38AD8264222780A7003D4C38 /* Base */,
			);
			name = Main.storyboard;
			sourceTree = "<group>";
		};
		38AD8268222780A8003D4C38 /* LaunchScreen.storyboard */ = {
			isa = PBXVariantGroup;
			children = (
				38AD8269222780A8003D4C38 /* Base */,
			);
			name = LaunchScreen.storyboard;
			sourceTree = "<group>";
		};
/* End PBXVariantGroup section */

/* Begin XCBuildConfiguration section */
		38AD826C222780A8003D4C38 /* Debug */ = {
			isa = XCBuildConfiguration;
			buildSettings = {
				ALWAYS_SEARCH_USER_PATHS = NO;
				CLANG_ANALYZER_NONNULL = YES;
				CLANG_ANALYZER_NUMBER_OBJECT_CONVERSION = YES_AGGRESSIVE;
				CLANG_CXX_LANGUAGE_STANDARD = "gnu++14";
				CLANG_CXX_LIBRARY = "libc++";
				CLANG_ENABLE_MODULES = YES;
				CLANG_ENABLE_OBJC_ARC = YES;
				CLANG_ENABLE_OBJC_WEAK = YES;
				CLANG_WARN_BLOCK_CAPTURE_AUTORELEASING = YES;
				CLANG_WARN_BOOL_CONVERSION = YES;
				CLANG_WARN_COMMA = YES;
				CLANG_WARN_CONSTANT_CONVERSION = YES;
				CLANG_WARN_DEPRECATED_OBJC_IMPLEMENTATIONS = YES;
				CLANG_WARN_DIRECT_OBJC_ISA_USAGE = YES_ERROR;
				CLANG_WARN_DOCUMENTATION_COMMENTS = YES;
				CLANG_WARN_EMPTY_BODY = YES;
				CLANG_WARN_ENUM_CONVERSION = YES;
				CLANG_WARN_INFINITE_RECURSION = YES;
				CLANG_WARN_INT_CONVERSION = YES;
				CLANG_WARN_NON_LITERAL_NULL_CONVERSION = YES;
				CLANG_WARN_OBJC_IMPLICIT_RETAIN_SELF = YES;
				CLANG_WARN_OBJC_LITERAL_CONVERSION = YES;
				CLANG_WARN_OBJC_ROOT_CLASS = YES_ERROR;
				CLANG_WARN_RANGE_LOOP_ANALYSIS = YES;
				CLANG_WARN_STRICT_PROTOTYPES = YES;
				CLANG_WARN_SUSPICIOUS_MOVE = YES;
				CLANG_WARN_UNGUARDED_AVAILABILITY = YES_AGGRESSIVE;
				CLANG_WARN_UNREACHABLE_CODE = YES;
				CLANG_WARN__DUPLICATE_METHOD_MATCH = YES;
				CODE_SIGN_IDENTITY = "iPhone Developer";
				COPY_PHASE_STRIP = NO;
				DEBUG_INFORMATION_FORMAT = dwarf;
				ENABLE_STRICT_OBJC_MSGSEND = YES;
				ENABLE_TESTABILITY = YES;
				GCC_C_LANGUAGE_STANDARD = gnu11;
				GCC_DYNAMIC_NO_PIC = NO;
				GCC_NO_COMMON_BLOCKS = YES;
				GCC_OPTIMIZATION_LEVEL = 0;
				GCC_PREPROCESSOR_DEFINITIONS = (
					"DEBUG=1",
					"$(inherited)",
				);
				GCC_WARN_64_TO_32_BIT_CONVERSION = YES;
				GCC_WARN_ABOUT_RETURN_TYPE = YES_ERROR;
				GCC_WARN_UNDECLARED_SELECTOR = YES;
				GCC_WARN_UNINITIALIZED_AUTOS = YES_AGGRESSIVE;
				GCC_WARN_UNUSED_FUNCTION = YES;
				GCC_WARN_UNUSED_VARIABLE = YES;
				IPHONEOS_DEPLOYMENT_TARGET = 12.1;
				MTL_ENABLE_DEBUG_INFO = INCLUDE_SOURCE;
				MTL_FAST_MATH = YES;
				ONLY_ACTIVE_ARCH = YES;
				SDKROOT = iphoneos;
				SWIFT_ACTIVE_COMPILATION_CONDITIONS = DEBUG;
				SWIFT_OPTIMIZATION_LEVEL = "-Onone";
			};
			name = Debug;
		};
		38AD826D222780A8003D4C38 /* Release */ = {
			isa = XCBuildConfiguration;
			buildSettings = {
				ALWAYS_SEARCH_USER_PATHS = NO;
				CLANG_ANALYZER_NONNULL = YES;
				CLANG_ANALYZER_NUMBER_OBJECT_CONVERSION = YES_AGGRESSIVE;
				CLANG_CXX_LANGUAGE_STANDARD = "gnu++14";
				CLANG_CXX_LIBRARY = "libc++";
				CLANG_ENABLE_MODULES = YES;
				CLANG_ENABLE_OBJC_ARC = YES;
				CLANG_ENABLE_OBJC_WEAK = YES;
				CLANG_WARN_BLOCK_CAPTURE_AUTORELEASING = YES;
				CLANG_WARN_BOOL_CONVERSION = YES;
				CLANG_WARN_COMMA = YES;
				CLANG_WARN_CONSTANT_CONVERSION = YES;
				CLANG_WARN_DEPRECATED_OBJC_IMPLEMENTATIONS = YES;
				CLANG_WARN_DIRECT_OBJC_ISA_USAGE = YES_ERROR;
				CLANG_WARN_DOCUMENTATION_COMMENTS = YES;
				CLANG_WARN_EMPTY_BODY = YES;
				CLANG_WARN_ENUM_CONVERSION = YES;
				CLANG_WARN_INFINITE_RECURSION = YES;
				CLANG_WARN_INT_CONVERSION = YES;
				CLANG_WARN_NON_LITERAL_NULL_CONVERSION = YES;
				CLANG_WARN_OBJC_IMPLICIT_RETAIN_SELF = YES;
				CLANG_WARN_OBJC_LITERAL_CONVERSION = YES;
				CLANG_WARN_OBJC_ROOT_CLASS = YES_ERROR;
				CLANG_WARN_RANGE_LOOP_ANALYSIS = YES;
				CLANG_WARN_STRICT_PROTOTYPES = YES;
				CLANG_WARN_SUSPICIOUS_MOVE = YES;
				CLANG_WARN_UNGUARDED_AVAILABILITY = YES_AGGRESSIVE;
				CLANG_WARN_UNREACHABLE_CODE = YES;
				CLANG_WARN__DUPLICATE_METHOD_MATCH = YES;
				CODE_SIGN_IDENTITY = "iPhone Developer";
				COPY_PHASE_STRIP = NO;
				DEBUG_INFORMATION_FORMAT = "dwarf-with-dsym";
				ENABLE_NS_ASSERTIONS = NO;
				ENABLE_STRICT_OBJC_MSGSEND = YES;
				GCC_C_LANGUAGE_STANDARD = gnu11;
				GCC_NO_COMMON_BLOCKS = YES;
				GCC_WARN_64_TO_32_BIT_CONVERSION = YES;
				GCC_WARN_ABOUT_RETURN_TYPE = YES_ERROR;
				GCC_WARN_UNDECLARED_SELECTOR = YES;
				GCC_WARN_UNINITIALIZED_AUTOS = YES_AGGRESSIVE;
				GCC_WARN_UNUSED_FUNCTION = YES;
				GCC_WARN_UNUSED_VARIABLE = YES;
				IPHONEOS_DEPLOYMENT_TARGET = 12.1;
				MTL_ENABLE_DEBUG_INFO = NO;
				MTL_FAST_MATH = YES;
				SDKROOT = iphoneos;
				SWIFT_COMPILATION_MODE = wholemodule;
				SWIFT_OPTIMIZATION_LEVEL = "-O";
				VALIDATE_PRODUCT = YES;
			};
			name = Release;
		};
		38AD826F222780A8003D4C38 /* Debug */ = {
			isa = XCBuildConfiguration;
			buildSettings = {
				ASSETCATALOG_COMPILER_APPICON_NAME = AppIcon;
				CODE_SIGN_STYLE = Automatic;
				DEVELOPMENT_TEAM = GAM624UM6K;
				INFOPLIST_FILE = PInstagram/Info.plist;
				LD_RUNPATH_SEARCH_PATHS = (
					"$(inherited)",
					"@executable_path/Frameworks",
				);
				PRODUCT_BUNDLE_IDENTIFIER = jakeherron.PInstagram;
				PRODUCT_NAME = "$(TARGET_NAME)";
				SWIFT_VERSION = 4.2;
				TARGETED_DEVICE_FAMILY = "1,2";
			};
			name = Debug;
		};
		38AD8270222780A8003D4C38 /* Release */ = {
			isa = XCBuildConfiguration;
			buildSettings = {
				ASSETCATALOG_COMPILER_APPICON_NAME = AppIcon;
				CODE_SIGN_STYLE = Automatic;
				DEVELOPMENT_TEAM = GAM624UM6K;
				INFOPLIST_FILE = PInstagram/Info.plist;
				LD_RUNPATH_SEARCH_PATHS = (
					"$(inherited)",
					"@executable_path/Frameworks",
				);
				PRODUCT_BUNDLE_IDENTIFIER = jakeherron.PInstagram;
				PRODUCT_NAME = "$(TARGET_NAME)";
				SWIFT_VERSION = 4.2;
				TARGETED_DEVICE_FAMILY = "1,2";
			};
			name = Release;
		};
/* End XCBuildConfiguration section */

/* Begin XCConfigurationList section */
		38AD8257222780A7003D4C38 /* Build configuration list for PBXProject "PInstagram" */ = {
			isa = XCConfigurationList;
			buildConfigurations = (
				38AD826C222780A8003D4C38 /* Debug */,
				38AD826D222780A8003D4C38 /* Release */,
			);
			defaultConfigurationIsVisible = 0;
			defaultConfigurationName = Release;
		};
		38AD826E222780A8003D4C38 /* Build configuration list for PBXNativeTarget "PInstagram" */ = {
			isa = XCConfigurationList;
			buildConfigurations = (
				38AD826F222780A8003D4C38 /* Debug */,
				38AD8270222780A8003D4C38 /* Release */,
			);
			defaultConfigurationIsVisible = 0;
			defaultConfigurationName = Release;
		};
/* End XCConfigurationList section */
	};
	rootObject = 38AD8254222780A7003D4C38 /* Project object */;
}
